<?xml version="1.0" encoding="utf-8"?>
<Project ToolsVersion="4.0" xmlns="http://schemas.microsoft.com/developer/msbuild/2003">
  <ItemGroup>
    <Filter Include="Source Files">
      <UniqueIdentifier>{4FC737F1-C7A5-4376-A066-2A32D752A2FF}</UniqueIdentifier>
      <Extensions>cpp;c;cc;cxx;def;odl;idl;hpj;bat;asm;asmx</Extensions>
    </Filter>
    <Filter Include="Header Files">
      <UniqueIdentifier>{93995380-89BD-4b04-88EB-625FBE52EBFB}</UniqueIdentifier>
      <Extensions>h;hh;hpp;hxx;hm;inl;inc;xsd</Extensions>
    </Filter>
    <Filter Include="Resource Files">
      <UniqueIdentifier>{67DA6AB6-F800-4c08-8B7A-83BB121AAD01}</UniqueIdentifier>
      <Extensions>rc;ico;cur;bmp;dlg;rc2;rct;bin;rgs;gif;jpg;jpeg;jpe;resx;tiff;tif;png;wav;mfcribbon-ms</Extensions>
    </Filter>
  </ItemGroup>
  <ItemGroup>
    <Text Include="ReadMe.txt" />
  </ItemGroup>
  <ItemGroup>
    <ClInclude Include="stdafx.h">
      <Filter>Header Files</Filter>
    </ClInclude>
    <ClInclude Include="targetver.h">
      <Filter>Header Files</Filter>
    </ClInclude>
    <ClInclude Include="assimp\ai_assert.h">
      <Filter>Header Files</Filter>
    </ClInclude>
    <ClInclude Include="assimp\anim.h">
      <Filter>Header Files</Filter>
    </ClInclude>
    <ClInclude Include="assimp\camera.h">
      <Filter>Header Files</Filter>
    </ClInclude>
    <ClInclude Include="assimp\cexport.h">
      <Filter>Header Files</Filter>
    </ClInclude>
    <ClInclude Include="assimp\cfileio.h">
      <Filter>Header Files</Filter>
    </ClInclude>
    <ClInclude Include="assimp\cimport.h">
      <Filter>Header Files</Filter>
    </ClInclude>
    <ClInclude Include="assimp\color4.h">
      <Filter>Header Files</Filter>
    </ClInclude>
    <ClInclude Include="assimp\config.h">
      <Filter>Header Files</Filter>
    </ClInclude>
    <ClInclude Include="assimp\DefaultLogger.hpp">
      <Filter>Header Files</Filter>
    </ClInclude>
    <ClInclude Include="assimp\defs.h">
      <Filter>Header Files</Filter>
    </ClInclude>
    <ClInclude Include="assimp\Exporter.hpp">
      <Filter>Header Files</Filter>
    </ClInclude>
    <ClInclude Include="assimp\Importer.hpp">
      <Filter>Header Files</Filter>
    </ClInclude>
    <ClInclude Include="assimp\importerdesc.h">
      <Filter>Header Files</Filter>
    </ClInclude>
    <ClInclude Include="assimp\IOStream.hpp">
      <Filter>Header Files</Filter>
    </ClInclude>
    <ClInclude Include="assimp\IOSystem.hpp">
      <Filter>Header Files</Filter>
    </ClInclude>
    <ClInclude Include="assimp\light.h">
      <Filter>Header Files</Filter>
    </ClInclude>
    <ClInclude Include="assimp\Logger.hpp">
      <Filter>Header Files</Filter>
    </ClInclude>
    <ClInclude Include="assimp\LogStream.hpp">
      <Filter>Header Files</Filter>
    </ClInclude>
    <ClInclude Include="assimp\material.h">
      <Filter>Header Files</Filter>
    </ClInclude>
    <ClInclude Include="assimp\matrix3x3.h">
      <Filter>Header Files</Filter>
    </ClInclude>
    <ClInclude Include="assimp\matrix4x4.h">
      <Filter>Header Files</Filter>
    </ClInclude>
    <ClInclude Include="assimp\mesh.h">
      <Filter>Header Files</Filter>
    </ClInclude>
    <ClInclude Include="assimp\NullLogger.hpp">
      <Filter>Header Files</Filter>
    </ClInclude>
    <ClInclude Include="assimp\postprocess.h">
      <Filter>Header Files</Filter>
    </ClInclude>
    <ClInclude Include="assimp\ProgressHandler.hpp">
      <Filter>Header Files</Filter>
    </ClInclude>
    <ClInclude Include="assimp\quaternion.h">
      <Filter>Header Files</Filter>
    </ClInclude>
    <ClInclude Include="assimp\scene.h">
      <Filter>Header Files</Filter>
    </ClInclude>
  </ItemGroup>
  <ItemGroup>
    <ClCompile Include="stdafx.cpp">
      <Filter>Source Files</Filter>
    </ClCompile>
    <ClCompile Include="MeshConverter.cpp">
      <Filter>Source Files</Filter>
    </ClCompile>
  </ItemGroup>
  <ItemGroup>
    <None Include="assimp\color4.inl">
      <Filter>Header Files</Filter>
    </None>
    <None Include="assimp\material.inl">
      <Filter>Header Files</Filter>
    </None>
    <None Include="assimp\matrix3x3.inl">
      <Filter>Header Files</Filter>
    </None>
    <None Include="assimp\matrix4x4.inl">
      <Filter>Header Files</Filter>
    </None>
    <None Include="assimp\quaternion.inl">
      <Filter>Header Files</Filter>
    </None>
  </ItemGroup>
</Project>